// !$*UTF8*$!
{
	archiveVersion = 1;
	classes = {
	};
	objectVersion = 56;
	objects = {

/* Begin PBXBuildFile section */
		81204D722B00D83F008EC413 /* AppDelegate.swift in Sources */ = {isa = PBXBuildFile; fileRef = 81204D712B00D83F008EC413 /* AppDelegate.swift */; };
		81204D742B00D83F008EC413 /* SceneDelegate.swift in Sources */ = {isa = PBXBuildFile; fileRef = 81204D732B00D83F008EC413 /* SceneDelegate.swift */; };
		81204D7B2B00D841008EC413 /* Assets.xcassets in Resources */ = {isa = PBXBuildFile; fileRef = 81204D7A2B00D841008EC413 /* Assets.xcassets */; };
		81204D7E2B00D841008EC413 /* LaunchScreen.storyboard in Resources */ = {isa = PBXBuildFile; fileRef = 81204D7C2B00D841008EC413 /* LaunchScreen.storyboard */; };
		81204D892B00D92B008EC413 /* CustomButton.swift in Sources */ = {isa = PBXBuildFile; fileRef = 81204D882B00D92B008EC413 /* CustomButton.swift */; };
		81204D8E2B00D99D008EC413 /* SnapKit in Frameworks */ = {isa = PBXBuildFile; productRef = 81204D8D2B00D99D008EC413 /* SnapKit */; };
		81204D902B00D99D008EC413 /* SnapKit-Dynamic in Frameworks */ = {isa = PBXBuildFile; productRef = 81204D8F2B00D99D008EC413 /* SnapKit-Dynamic */; };
		81204D922B00D9C1008EC413 /* AppCoordinator.swift in Sources */ = {isa = PBXBuildFile; fileRef = 81204D912B00D9C1008EC413 /* AppCoordinator.swift */; };
		81204D942B00D9D9008EC413 /* Coordinatable.swift in Sources */ = {isa = PBXBuildFile; fileRef = 81204D932B00D9D9008EC413 /* Coordinatable.swift */; };
		81204D982B00DBC6008EC413 /* RandomQuoteViewController.swift in Sources */ = {isa = PBXBuildFile; fileRef = 81204D972B00DBC6008EC413 /* RandomQuoteViewController.swift */; };
		81204D9A2B00DBF1008EC413 /* SortedQuotesViewController.swift in Sources */ = {isa = PBXBuildFile; fileRef = 81204D992B00DBF1008EC413 /* SortedQuotesViewController.swift */; };
		81204D9C2B00DC76008EC413 /* GroupedQuotesViewController.swift in Sources */ = {isa = PBXBuildFile; fileRef = 81204D9B2B00DC76008EC413 /* GroupedQuotesViewController.swift */; };
		81204DA12B00EC86008EC413 /* QuotesService.swift in Sources */ = {isa = PBXBuildFile; fileRef = 81204DA02B00EC86008EC413 /* QuotesService.swift */; };
		81204DA32B00FA7E008EC413 /* GroupedQuotesCoordinator.swift in Sources */ = {isa = PBXBuildFile; fileRef = 81204DA22B00FA7E008EC413 /* GroupedQuotesCoordinator.swift */; };
		81204DA62B010341008EC413 /* Realm in Frameworks */ = {isa = PBXBuildFile; productRef = 81204DA52B010341008EC413 /* Realm */; };
		81204DA82B010341008EC413 /* RealmSwift in Frameworks */ = {isa = PBXBuildFile; productRef = 81204DA72B010341008EC413 /* RealmSwift */; };
		81204DAA2B01037C008EC413 /* RealmService.swift in Sources */ = {isa = PBXBuildFile; fileRef = 81204DA92B01037C008EC413 /* RealmService.swift */; };
/* End PBXBuildFile section */

/* Begin PBXFileReference section */
		81204D6E2B00D83F008EC413 /* Quotes.app */ = {isa = PBXFileReference; explicitFileType = wrapper.application; includeInIndex = 0; path = Quotes.app; sourceTree = BUILT_PRODUCTS_DIR; };
		81204D712B00D83F008EC413 /* AppDelegate.swift */ = {isa = PBXFileReference; lastKnownFileType = sourcecode.swift; path = AppDelegate.swift; sourceTree = "<group>"; };
		81204D732B00D83F008EC413 /* SceneDelegate.swift */ = {isa = PBXFileReference; lastKnownFileType = sourcecode.swift; path = SceneDelegate.swift; sourceTree = "<group>"; };
		81204D7A2B00D841008EC413 /* Assets.xcassets */ = {isa = PBXFileReference; lastKnownFileType = folder.assetcatalog; path = Assets.xcassets; sourceTree = "<group>"; };
		81204D7D2B00D841008EC413 /* Base */ = {isa = PBXFileReference; lastKnownFileType = file.storyboard; name = Base; path = Base.lproj/LaunchScreen.storyboard; sourceTree = "<group>"; };
		81204D7F2B00D841008EC413 /* Info.plist */ = {isa = PBXFileReference; lastKnownFileType = text.plist.xml; path = Info.plist; sourceTree = "<group>"; };
		81204D882B00D92B008EC413 /* CustomButton.swift */ = {isa = PBXFileReference; lastKnownFileType = sourcecode.swift; path = CustomButton.swift; sourceTree = "<group>"; };
		81204D912B00D9C1008EC413 /* AppCoordinator.swift */ = {isa = PBXFileReference; lastKnownFileType = sourcecode.swift; path = AppCoordinator.swift; sourceTree = "<group>"; };
		81204D932B00D9D9008EC413 /* Coordinatable.swift */ = {isa = PBXFileReference; lastKnownFileType = sourcecode.swift; path = Coordinatable.swift; sourceTree = "<group>"; };
		81204D972B00DBC6008EC413 /* RandomQuoteViewController.swift */ = {isa = PBXFileReference; lastKnownFileType = sourcecode.swift; path = RandomQuoteViewController.swift; sourceTree = "<group>"; };
		81204D992B00DBF1008EC413 /* SortedQuotesViewController.swift */ = {isa = PBXFileReference; lastKnownFileType = sourcecode.swift; path = SortedQuotesViewController.swift; sourceTree = "<group>"; };
		81204D9B2B00DC76008EC413 /* GroupedQuotesViewController.swift */ = {isa = PBXFileReference; lastKnownFileType = sourcecode.swift; path = GroupedQuotesViewController.swift; sourceTree = "<group>"; };
		81204DA02B00EC86008EC413 /* QuotesService.swift */ = {isa = PBXFileReference; lastKnownFileType = sourcecode.swift; path = QuotesService.swift; sourceTree = "<group>"; };
		81204DA22B00FA7E008EC413 /* GroupedQuotesCoordinator.swift */ = {isa = PBXFileReference; lastKnownFileType = sourcecode.swift; path = GroupedQuotesCoordinator.swift; sourceTree = "<group>"; };
		81204DA92B01037C008EC413 /* RealmService.swift */ = {isa = PBXFileReference; lastKnownFileType = sourcecode.swift; path = RealmService.swift; sourceTree = "<group>"; };
/* End PBXFileReference section */

/* Begin PBXFrameworksBuildPhase section */
		81204D6B2B00D83F008EC413 /* Frameworks */ = {
			isa = PBXFrameworksBuildPhase;
			buildActionMask = 2147483647;
			files = (
				81204DA82B010341008EC413 /* RealmSwift in Frameworks */,
				81204DA62B010341008EC413 /* Realm in Frameworks */,
				81204D8E2B00D99D008EC413 /* SnapKit in Frameworks */,
				81204D902B00D99D008EC413 /* SnapKit-Dynamic in Frameworks */,
			);
			runOnlyForDeploymentPostprocessing = 0;
		};
/* End PBXFrameworksBuildPhase section */

/* Begin PBXGroup section */
		81204D652B00D83F008EC413 = {
			isa = PBXGroup;
			children = (
				81204D702B00D83F008EC413 /* Quotes */,
				81204D6F2B00D83F008EC413 /* Products */,
			);
			sourceTree = "<group>";
		};
		81204D6F2B00D83F008EC413 /* Products */ = {
			isa = PBXGroup;
			children = (
				81204D6E2B00D83F008EC413 /* Quotes.app */,
			);
			name = Products;
			sourceTree = "<group>";
		};
		81204D702B00D83F008EC413 /* Quotes */ = {
			isa = PBXGroup;
			children = (
				81204D852B00D8D1008EC413 /* Aplication */,
				81204D862B00D8E3008EC413 /* Services */,
				81204D872B00D8ED008EC413 /* CustomUI */,
				81204D8A2B00D945008EC413 /* Coordinators */,
				81204D8B2B00D965008EC413 /* Controllers */,
				81204D7A2B00D841008EC413 /* Assets.xcassets */,
				81204D7C2B00D841008EC413 /* LaunchScreen.storyboard */,
				81204D7F2B00D841008EC413 /* Info.plist */,
			);
			path = Quotes;
			sourceTree = "<group>";
		};
		81204D852B00D8D1008EC413 /* Aplication */ = {
			isa = PBXGroup;
			children = (
				81204D712B00D83F008EC413 /* AppDelegate.swift */,
				81204D732B00D83F008EC413 /* SceneDelegate.swift */,
			);
			path = Aplication;
			sourceTree = "<group>";
		};
		81204D862B00D8E3008EC413 /* Services */ = {
			isa = PBXGroup;
			children = (
				81204DA02B00EC86008EC413 /* QuotesService.swift */,
				81204DA92B01037C008EC413 /* RealmService.swift */,
			);
			path = Services;
			sourceTree = "<group>";
		};
		81204D872B00D8ED008EC413 /* CustomUI */ = {
			isa = PBXGroup;
			children = (
				81204D882B00D92B008EC413 /* CustomButton.swift */,
			);
			path = CustomUI;
			sourceTree = "<group>";
		};
		81204D8A2B00D945008EC413 /* Coordinators */ = {
			isa = PBXGroup;
			children = (
				81204D932B00D9D9008EC413 /* Coordinatable.swift */,
				81204D912B00D9C1008EC413 /* AppCoordinator.swift */,
				81204DA22B00FA7E008EC413 /* GroupedQuotesCoordinator.swift */,
			);
			path = Coordinators;
			sourceTree = "<group>";
		};
		81204D8B2B00D965008EC413 /* Controllers */ = {
			isa = PBXGroup;
			children = (
				81204D972B00DBC6008EC413 /* RandomQuoteViewController.swift */,
				81204D992B00DBF1008EC413 /* SortedQuotesViewController.swift */,
				81204D9B2B00DC76008EC413 /* GroupedQuotesViewController.swift */,
			);
			path = Controllers;
			sourceTree = "<group>";
		};
/* End PBXGroup section */

/* Begin PBXNativeTarget section */
		81204D6D2B00D83F008EC413 /* Quotes */ = {
			isa = PBXNativeTarget;
			buildConfigurationList = 81204D822B00D841008EC413 /* Build configuration list for PBXNativeTarget "Quotes" */;
			buildPhases = (
				81204D6A2B00D83F008EC413 /* Sources */,
				81204D6B2B00D83F008EC413 /* Frameworks */,
				81204D6C2B00D83F008EC413 /* Resources */,
			);
			buildRules = (
			);
			dependencies = (
			);
			name = Quotes;
			packageProductDependencies = (
				81204D8D2B00D99D008EC413 /* SnapKit */,
				81204D8F2B00D99D008EC413 /* SnapKit-Dynamic */,
				81204DA52B010341008EC413 /* Realm */,
				81204DA72B010341008EC413 /* RealmSwift */,
			);
			productName = Quotes;
			productReference = 81204D6E2B00D83F008EC413 /* Quotes.app */;
			productType = "com.apple.product-type.application";
		};
/* End PBXNativeTarget section */

/* Begin PBXProject section */
		81204D662B00D83F008EC413 /* Project object */ = {
			isa = PBXProject;
			attributes = {
				BuildIndependentTargetsInParallel = 1;
				LastSwiftUpdateCheck = 1500;
				LastUpgradeCheck = 1500;
				TargetAttributes = {
					81204D6D2B00D83F008EC413 = {
						CreatedOnToolsVersion = 15.0.1;
					};
				};
			};
			buildConfigurationList = 81204D692B00D83F008EC413 /* Build configuration list for PBXProject "Quotes" */;
			compatibilityVersion = "Xcode 14.0";
			developmentRegion = en;
			hasScannedForEncodings = 0;
			knownRegions = (
				en,
				Base,
			);
			mainGroup = 81204D652B00D83F008EC413;
			packageReferences = (
				81204D8C2B00D99D008EC413 /* XCRemoteSwiftPackageReference "SnapKit" */,
				81204DA42B010341008EC413 /* XCRemoteSwiftPackageReference "realm-swift" */,
			);
			productRefGroup = 81204D6F2B00D83F008EC413 /* Products */;
			projectDirPath = "";
			projectRoot = "";
			targets = (
				81204D6D2B00D83F008EC413 /* Quotes */,
			);
		};
/* End PBXProject section */

/* Begin PBXResourcesBuildPhase section */
		81204D6C2B00D83F008EC413 /* Resources */ = {
			isa = PBXResourcesBuildPhase;
			buildActionMask = 2147483647;
			files = (
				81204D7E2B00D841008EC413 /* LaunchScreen.storyboard in Resources */,
				81204D7B2B00D841008EC413 /* Assets.xcassets in Resources */,
			);
			runOnlyForDeploymentPostprocessing = 0;
		};
/* End PBXResourcesBuildPhase section */

/* Begin PBXSourcesBuildPhase section */
		81204D6A2B00D83F008EC413 /* Sources */ = {
			isa = PBXSourcesBuildPhase;
			buildActionMask = 2147483647;
			files = (
				81204DA32B00FA7E008EC413 /* GroupedQuotesCoordinator.swift in Sources */,
				81204DAA2B01037C008EC413 /* RealmService.swift in Sources */,
				81204DA12B00EC86008EC413 /* QuotesService.swift in Sources */,
				81204D892B00D92B008EC413 /* CustomButton.swift in Sources */,
				81204D722B00D83F008EC413 /* AppDelegate.swift in Sources */,
				81204D9A2B00DBF1008EC413 /* SortedQuotesViewController.swift in Sources */,
				81204D942B00D9D9008EC413 /* Coordinatable.swift in Sources */,
				81204D922B00D9C1008EC413 /* AppCoordinator.swift in Sources */,
				81204D742B00D83F008EC413 /* SceneDelegate.swift in Sources */,
				81204D9C2B00DC76008EC413 /* GroupedQuotesViewController.swift in Sources */,
				81204D982B00DBC6008EC413 /* RandomQuoteViewController.swift in Sources */,
			);
			runOnlyForDeploymentPostprocessing = 0;
		};
/* End PBXSourcesBuildPhase section */

/* Begin PBXVariantGroup section */
		81204D7C2B00D841008EC413 /* LaunchScreen.storyboard */ = {
			isa = PBXVariantGroup;
			children = (
				81204D7D2B00D841008EC413 /* Base */,
			);
			name = LaunchScreen.storyboard;
			sourceTree = "<group>";
		};
/* End PBXVariantGroup section */

/* Begin XCBuildConfiguration section */
		81204D802B00D841008EC413 /* Debug */ = {
			isa = XCBuildConfiguration;
			buildSettings = {
				ALWAYS_SEARCH_USER_PATHS = NO;
				ASSETCATALOG_COMPILER_GENERATE_SWIFT_ASSET_SYMBOL_EXTENSIONS = YES;
				CLANG_ANALYZER_NONNULL = YES;
				CLANG_ANALYZER_NUMBER_OBJECT_CONVERSION = YES_AGGRESSIVE;
				CLANG_CXX_LANGUAGE_STANDARD = "gnu++20";
				CLANG_ENABLE_MODULES = YES;
				CLANG_ENABLE_OBJC_ARC = YES;
				CLANG_ENABLE_OBJC_WEAK = YES;
				CLANG_WARN_BLOCK_CAPTURE_AUTORELEASING = YES;
				CLANG_WARN_BOOL_CONVERSION = YES;
				CLANG_WARN_COMMA = YES;
				CLANG_WARN_CONSTANT_CONVERSION = YES;
				CLANG_WARN_DEPRECATED_OBJC_IMPLEMENTATIONS = YES;
				CLANG_WARN_DIRECT_OBJC_ISA_USAGE = YES_ERROR;
				CLANG_WARN_DOCUMENTATION_COMMENTS = YES;
				CLANG_WARN_EMPTY_BODY = YES;
				CLANG_WARN_ENUM_CONVERSION = YES;
				CLANG_WARN_INFINITE_RECURSION = YES;
				CLANG_WARN_INT_CONVERSION = YES;
				CLANG_WARN_NON_LITERAL_NULL_CONVERSION = YES;
				CLANG_WARN_OBJC_IMPLICIT_RETAIN_SELF = YES;
				CLANG_WARN_OBJC_LITERAL_CONVERSION = YES;
				CLANG_WARN_OBJC_ROOT_CLASS = YES_ERROR;
				CLANG_WARN_QUOTED_INCLUDE_IN_FRAMEWORK_HEADER = YES;
				CLANG_WARN_RANGE_LOOP_ANALYSIS = YES;
				CLANG_WARN_STRICT_PROTOTYPES = YES;
				CLANG_WARN_SUSPICIOUS_MOVE = YES;
				CLANG_WARN_UNGUARDED_AVAILABILITY = YES_AGGRESSIVE;
				CLANG_WARN_UNREACHABLE_CODE = YES;
				CLANG_WARN__DUPLICATE_METHOD_MATCH = YES;
				COPY_PHASE_STRIP = NO;
				DEBUG_INFORMATION_FORMAT = dwarf;
				ENABLE_STRICT_OBJC_MSGSEND = YES;
				ENABLE_TESTABILITY = YES;
				ENABLE_USER_SCRIPT_SANDBOXING = YES;
				GCC_C_LANGUAGE_STANDARD = gnu17;
				GCC_DYNAMIC_NO_PIC = NO;
				GCC_NO_COMMON_BLOCKS = YES;
				GCC_OPTIMIZATION_LEVEL = 0;
				GCC_PREPROCESSOR_DEFINITIONS = (
					"DEBUG=1",
					"$(inherited)",
				);
				GCC_WARN_64_TO_32_BIT_CONVERSION = YES;
				GCC_WARN_ABOUT_RETURN_TYPE = YES_ERROR;
				GCC_WARN_UNDECLARED_SELECTOR = YES;
				GCC_WARN_UNINITIALIZED_AUTOS = YES_AGGRESSIVE;
				GCC_WARN_UNUSED_FUNCTION = YES;
				GCC_WARN_UNUSED_VARIABLE = YES;
				IPHONEOS_DEPLOYMENT_TARGET = 17.0;
				LOCALIZATION_PREFERS_STRING_CATALOGS = YES;
				MTL_ENABLE_DEBUG_INFO = INCLUDE_SOURCE;
				MTL_FAST_MATH = YES;
				ONLY_ACTIVE_ARCH = YES;
				SDKROOT = iphoneos;
				SWIFT_ACTIVE_COMPILATION_CONDITIONS = "DEBUG $(inherited)";
				SWIFT_OPTIMIZATION_LEVEL = "-Onone";
			};
			name = Debug;
		};
		81204D812B00D841008EC413 /* Release */ = {
			isa = XCBuildConfiguration;
			buildSettings = {
				ALWAYS_SEARCH_USER_PATHS = NO;
				ASSETCATALOG_COMPILER_GENERATE_SWIFT_ASSET_SYMBOL_EXTENSIONS = YES;
				CLANG_ANALYZER_NONNULL = YES;
				CLANG_ANALYZER_NUMBER_OBJECT_CONVERSION = YES_AGGRESSIVE;
				CLANG_CXX_LANGUAGE_STANDARD = "gnu++20";
				CLANG_ENABLE_MODULES = YES;
				CLANG_ENABLE_OBJC_ARC = YES;
				CLANG_ENABLE_OBJC_WEAK = YES;
				CLANG_WARN_BLOCK_CAPTURE_AUTORELEASING = YES;
				CLANG_WARN_BOOL_CONVERSION = YES;
				CLANG_WARN_COMMA = YES;
				CLANG_WARN_CONSTANT_CONVERSION = YES;
				CLANG_WARN_DEPRECATED_OBJC_IMPLEMENTATIONS = YES;
				CLANG_WARN_DIRECT_OBJC_ISA_USAGE = YES_ERROR;
				CLANG_WARN_DOCUMENTATION_COMMENTS = YES;
				CLANG_WARN_EMPTY_BODY = YES;
				CLANG_WARN_ENUM_CONVERSION = YES;
				CLANG_WARN_INFINITE_RECURSION = YES;
				CLANG_WARN_INT_CONVERSION = YES;
				CLANG_WARN_NON_LITERAL_NULL_CONVERSION = YES;
				CLANG_WARN_OBJC_IMPLICIT_RETAIN_SELF = YES;
				CLANG_WARN_OBJC_LITERAL_CONVERSION = YES;
				CLANG_WARN_OBJC_ROOT_CLASS = YES_ERROR;
				CLANG_WARN_QUOTED_INCLUDE_IN_FRAMEWORK_HEADER = YES;
				CLANG_WARN_RANGE_LOOP_ANALYSIS = YES;
				CLANG_WARN_STRICT_PROTOTYPES = YES;
				CLANG_WARN_SUSPICIOUS_MOVE = YES;
				CLANG_WARN_UNGUARDED_AVAILABILITY = YES_AGGRESSIVE;
				CLANG_WARN_UNREACHABLE_CODE = YES;
				CLANG_WARN__DUPLICATE_METHOD_MATCH = YES;
				COPY_PHASE_STRIP = NO;
				DEBUG_INFORMATION_FORMAT = "dwarf-with-dsym";
				ENABLE_NS_ASSERTIONS = NO;
				ENABLE_STRICT_OBJC_MSGSEND = YES;
				ENABLE_USER_SCRIPT_SANDBOXING = YES;
				GCC_C_LANGUAGE_STANDARD = gnu17;
				GCC_NO_COMMON_BLOCKS = YES;
				GCC_WARN_64_TO_32_BIT_CONVERSION = YES;
				GCC_WARN_ABOUT_RETURN_TYPE = YES_ERROR;
				GCC_WARN_UNDECLARED_SELECTOR = YES;
				GCC_WARN_UNINITIALIZED_AUTOS = YES_AGGRESSIVE;
				GCC_WARN_UNUSED_FUNCTION = YES;
				GCC_WARN_UNUSED_VARIABLE = YES;
				IPHONEOS_DEPLOYMENT_TARGET = 17.0;
				LOCALIZATION_PREFERS_STRING_CATALOGS = YES;
				MTL_ENABLE_DEBUG_INFO = NO;
				MTL_FAST_MATH = YES;
				SDKROOT = iphoneos;
				SWIFT_COMPILATION_MODE = wholemodule;
				VALIDATE_PRODUCT = YES;
			};
			name = Release;
		};
		81204D832B00D841008EC413 /* Debug */ = {
			isa = XCBuildConfiguration;
			buildSettings = {
				ASSETCATALOG_COMPILER_APPICON_NAME = AppIcon;
				ASSETCATALOG_COMPILER_GLOBAL_ACCENT_COLOR_NAME = AccentColor;
				CODE_SIGN_STYLE = Automatic;
				CURRENT_PROJECT_VERSION = 1;
				GENERATE_INFOPLIST_FILE = YES;
				INFOPLIST_FILE = Quotes/Info.plist;
				INFOPLIST_KEY_UIApplicationSupportsIndirectInputEvents = YES;
				INFOPLIST_KEY_UILaunchStoryboardName = LaunchScreen;
				INFOPLIST_KEY_UISupportedInterfaceOrientations_iPad = "UIInterfaceOrientationPortrait UIInterfaceOrientationPortraitUpsideDown UIInterfaceOrientationLandscapeLeft UIInterfaceOrientationLandscapeRight";
				INFOPLIST_KEY_UISupportedInterfaceOrientations_iPhone = "UIInterfaceOrientationPortrait UIInterfaceOrientationLandscapeLeft UIInterfaceOrientationLandscapeRight";
				LD_RUNPATH_SEARCH_PATHS = (
					"$(inherited)",
					"@executable_path/Frameworks",
				);
				MARKETING_VERSION = 1.0;
				PRODUCT_BUNDLE_IDENTIFIER = Golovanov.Quotes;
				PRODUCT_NAME = "$(TARGET_NAME)";
				SWIFT_EMIT_LOC_STRINGS = YES;
				SWIFT_VERSION = 5.0;
				TARGETED_DEVICE_FAMILY = "1,2";
			};
			name = Debug;
		};
		81204D842B00D841008EC413 /* Release */ = {
			isa = XCBuildConfiguration;
			buildSettings = {
				ASSETCATALOG_COMPILER_APPICON_NAME = AppIcon;
				ASSETCATALOG_COMPILER_GLOBAL_ACCENT_COLOR_NAME = AccentColor;
				CODE_SIGN_STYLE = Automatic;
				CURRENT_PROJECT_VERSION = 1;
				GENERATE_INFOPLIST_FILE = YES;
				INFOPLIST_FILE = Quotes/Info.plist;
				INFOPLIST_KEY_UIApplicationSupportsIndirectInputEvents = YES;
				INFOPLIST_KEY_UILaunchStoryboardName = LaunchScreen;
				INFOPLIST_KEY_UISupportedInterfaceOrientations_iPad = "UIInterfaceOrientationPortrait UIInterfaceOrientationPortraitUpsideDown UIInterfaceOrientationLandscapeLeft UIInterfaceOrientationLandscapeRight";
				INFOPLIST_KEY_UISupportedInterfaceOrientations_iPhone = "UIInterfaceOrientationPortrait UIInterfaceOrientationLandscapeLeft UIInterfaceOrientationLandscapeRight";
				LD_RUNPATH_SEARCH_PATHS = (
					"$(inherited)",
					"@executable_path/Frameworks",
				);
				MARKETING_VERSION = 1.0;
				PRODUCT_BUNDLE_IDENTIFIER = Golovanov.Quotes;
				PRODUCT_NAME = "$(TARGET_NAME)";
				SWIFT_EMIT_LOC_STRINGS = YES;
				SWIFT_VERSION = 5.0;
				TARGETED_DEVICE_FAMILY = "1,2";
			};
			name = Release;
		};
/* End XCBuildConfiguration section */

/* Begin XCConfigurationList section */
		81204D692B00D83F008EC413 /* Build configuration list for PBXProject "Quotes" */ = {
			isa = XCConfigurationList;
			buildConfigurations = (
				81204D802B00D841008EC413 /* Debug */,
				81204D812B00D841008EC413 /* Release */,
			);
			defaultConfigurationIsVisible = 0;
			defaultConfigurationName = Release;
		};
		81204D822B00D841008EC413 /* Build configuration list for PBXNativeTarget "Quotes" */ = {
			isa = XCConfigurationList;
			buildConfigurations = (
				81204D832B00D841008EC413 /* Debug */,
				81204D842B00D841008EC413 /* Release */,
			);
			defaultConfigurationIsVisible = 0;
			defaultConfigurationName = Release;
		};
/* End XCConfigurationList section */

/* Begin XCRemoteSwiftPackageReference section */
		81204D8C2B00D99D008EC413 /* XCRemoteSwiftPackageReference "SnapKit" */ = {
			isa = XCRemoteSwiftPackageReference;
			repositoryURL = "https://github.com/SnapKit/SnapKit.git";
			requirement = {
				kind = upToNextMajorVersion;
				minimumVersion = 5.6.0;
			};
		};
		81204DA42B010341008EC413 /* XCRemoteSwiftPackageReference "realm-swift" */ = {
			isa = XCRemoteSwiftPackageReference;
			repositoryURL = "https://github.com/realm/realm-swift.git";
			requirement = {
				kind = upToNextMajorVersion;
				minimumVersion = 10.44.0;
			};
		};
/* End XCRemoteSwiftPackageReference section */

/* Begin XCSwiftPackageProductDependency section */
		81204D8D2B00D99D008EC413 /* SnapKit */ = {
			isa = XCSwiftPackageProductDependency;
			package = 81204D8C2B00D99D008EC413 /* XCRemoteSwiftPackageReference "SnapKit" */;
			productName = SnapKit;
		};
		81204D8F2B00D99D008EC413 /* SnapKit-Dynamic */ = {
			isa = XCSwiftPackageProductDependency;
			package = 81204D8C2B00D99D008EC413 /* XCRemoteSwiftPackageReference "SnapKit" */;
			productName = "SnapKit-Dynamic";
		};
		81204DA52B010341008EC413 /* Realm */ = {
			isa = XCSwiftPackageProductDependency;
			package = 81204DA42B010341008EC413 /* XCRemoteSwiftPackageReference "realm-swift" */;
			productName = Realm;
		};
		81204DA72B010341008EC413 /* RealmSwift */ = {
			isa = XCSwiftPackageProductDependency;
			package = 81204DA42B010341008EC413 /* XCRemoteSwiftPackageReference "realm-swift" */;
			productName = RealmSwift;
		};
/* End XCSwiftPackageProductDependency section */
	};
	rootObject = 81204D662B00D83F008EC413 /* Project object */;
}
